
Microsoft Visual Studio Solution File, Format Version 12.00
# Visual Studio Version 17
VisualStudioVersion = 17.6.33829.357
MinimumVisualStudioVersion = 10.0.40219.1
Project("{FAE04EC0-301F-11D3-BF4B-00C04F79EFBC}") = "Ejercicio17", "Ejercicio17\Ejercicio17.csproj", "{918A2EF9-11FF-4E3D-B415-6E839150C854}"
EndProject
Global
	GlobalSection(SolutionConfigurationPlatforms) = preSolution
		Debug|Any CPU = Debug|Any CPU
		Release|Any CPU = Release|Any CPU
	EndGlobalSection
	GlobalSection(ProjectConfigurationPlatforms) = postSolution
		{918A2EF9-11FF-4E3D-B415-6E839150C854}.Debug|Any CPU.ActiveCfg = Debug|Any CPU
		{918A2EF9-11FF-4E3D-B415-6E839150C854}.Debug|Any CPU.Build.0 = Debug|Any CPU
		{918A2EF9-11FF-4E3D-B415-6E839150C854}.Release|Any CPU.ActiveCfg = Release|Any CPU
		{918A2EF9-11FF-4E3D-B415-6E839150C854}.Release|Any CPU.Build.0 = Release|Any CPU
	EndGlobalSection
	GlobalSection(SolutionProperties) = preSolution
		HideSolutionNode = FALSE
	EndGlobalSection
	GlobalSection(ExtensibilityGlobals) = postSolution
		SolutionGuid = {7AA5BE13-191C-4276-ADE4-3F3439F109AA}
	EndGlobalSection
EndGlobal
